
Microsoft Visual Studio Solution File, Format Version 12.00
# Visual Studio Version 16
VisualStudioVersion = 16.0.30907.101
MinimumVisualStudioVersion = 10.0.40219.1
Project("{9A19103F-16F7-4668-BE54-9A1E7A4F7556}") = "UrlScannerApp", "UrlScannerApp\UrlScannerApp.csproj", "{C7E3C3A4-A1E6-4952-8858-6A359715C514}"
EndProject
Project("{9A19103F-16F7-4668-BE54-9A1E7A4F7556}") = "Data", "Data\Data.csproj", "{7C6C3848-0A42-4376-B03A-022B539EFF6C}"
EndProject
Project("{9A19103F-16F7-4668-BE54-9A1E7A4F7556}") = "Application", "Application\Application.csproj", "{E04E9B7F-9F02-4B02-B901-CB17E326AA77}"
EndProject
Global
	GlobalSection(SolutionConfigurationPlatforms) = preSolution
		Debug|Any CPU = Debug|Any CPU
		Release|Any CPU = Release|Any CPU
	EndGlobalSection
	GlobalSection(ProjectConfigurationPlatforms) = postSolution
		{C7E3C3A4-A1E6-4952-8858-6A359715C514}.Debug|Any CPU.ActiveCfg = Debug|Any CPU
		{C7E3C3A4-A1E6-4952-8858-6A359715C514}.Debug|Any CPU.Build.0 = Debug|Any CPU
		{C7E3C3A4-A1E6-4952-8858-6A359715C514}.Release|Any CPU.ActiveCfg = Release|Any CPU
		{C7E3C3A4-A1E6-4952-8858-6A359715C514}.Release|Any CPU.Build.0 = Release|Any CPU
		{7C6C3848-0A42-4376-B03A-022B539EFF6C}.Debug|Any CPU.ActiveCfg = Debug|Any CPU
		{7C6C3848-0A42-4376-B03A-022B539EFF6C}.Debug|Any CPU.Build.0 = Debug|Any CPU
		{7C6C3848-0A42-4376-B03A-022B539EFF6C}.Release|Any CPU.ActiveCfg = Release|Any CPU
		{7C6C3848-0A42-4376-B03A-022B539EFF6C}.Release|Any CPU.Build.0 = Release|Any CPU
		{E04E9B7F-9F02-4B02-B901-CB17E326AA77}.Debug|Any CPU.ActiveCfg = Debug|Any CPU
		{E04E9B7F-9F02-4B02-B901-CB17E326AA77}.Debug|Any CPU.Build.0 = Debug|Any CPU
		{E04E9B7F-9F02-4B02-B901-CB17E326AA77}.Release|Any CPU.ActiveCfg = Release|Any CPU
		{E04E9B7F-9F02-4B02-B901-CB17E326AA77}.Release|Any CPU.Build.0 = Release|Any CPU
	EndGlobalSection
	GlobalSection(SolutionProperties) = preSolution
		HideSolutionNode = FALSE
	EndGlobalSection
	GlobalSection(ExtensibilityGlobals) = postSolution
		SolutionGuid = {05B3546E-7E27-47E6-8CDB-77ED6D1B6EA7}
	EndGlobalSection
EndGlobal
